// !$*UTF8*$!
{
	archiveVersion = 1;
	classes = {
	};
	objectVersion = 46;
	objects = {

/* Begin PBXBuildFile section */
		C2DF308D1D2A58B200F86CD4 /* AppDelegate.swift in Sources */ = {isa = PBXBuildFile; fileRef = C2DF308C1D2A58B200F86CD4 /* AppDelegate.swift */; };
		C2DF308F1D2A58B200F86CD4 /* ViewController.swift in Sources */ = {isa = PBXBuildFile; fileRef = C2DF308E1D2A58B200F86CD4 /* ViewController.swift */; };
		C2DF30921D2A58B200F86CD4 /* Main.storyboard in Resources */ = {isa = PBXBuildFile; fileRef = C2DF30901D2A58B200F86CD4 /* Main.storyboard */; };
		C2DF30941D2A58B200F86CD4 /* Assets.xcassets in Resources */ = {isa = PBXBuildFile; fileRef = C2DF30931D2A58B200F86CD4 /* Assets.xcassets */; };
		C2DF30971D2A58B200F86CD4 /* LaunchScreen.storyboard in Resources */ = {isa = PBXBuildFile; fileRef = C2DF30951D2A58B200F86CD4 /* LaunchScreen.storyboard */; };
		C2DF30A21D2A58C200F86CD4 /* WXYFluxAction.swift in Sources */ = {isa = PBXBuildFile; fileRef = C2DF309F1D2A58C200F86CD4 /* WXYFluxAction.swift */; };
		C2DF30A31D2A58C200F86CD4 /* WXYFluxDispatcher.swift in Sources */ = {isa = PBXBuildFile; fileRef = C2DF30A01D2A58C200F86CD4 /* WXYFluxDispatcher.swift */; };
		C2DF30A41D2A58C200F86CD4 /* WXYFluxStore.swift in Sources */ = {isa = PBXBuildFile; fileRef = C2DF30A11D2A58C200F86CD4 /* WXYFluxStore.swift */; };
/* End PBXBuildFile section */

/* Begin PBXFileReference section */
		C2DF30891D2A58B200F86CD4 /* WXYFluxDemo.app */ = {isa = PBXFileReference; explicitFileType = wrapper.application; includeInIndex = 0; path = WXYFluxDemo.app; sourceTree = BUILT_PRODUCTS_DIR; };
		C2DF308C1D2A58B200F86CD4 /* AppDelegate.swift */ = {isa = PBXFileReference; lastKnownFileType = sourcecode.swift; path = AppDelegate.swift; sourceTree = "<group>"; };
		C2DF308E1D2A58B200F86CD4 /* ViewController.swift */ = {isa = PBXFileReference; lastKnownFileType = sourcecode.swift; path = ViewController.swift; sourceTree = "<group>"; };
		C2DF30911D2A58B200F86CD4 /* Base */ = {isa = PBXFileReference; lastKnownFileType = file.storyboard; name = Base; path = Base.lproj/Main.storyboard; sourceTree = "<group>"; };
		C2DF30931D2A58B200F86CD4 /* Assets.xcassets */ = {isa = PBXFileReference; lastKnownFileType = folder.assetcatalog; path = Assets.xcassets; sourceTree = "<group>"; };
		C2DF30961D2A58B200F86CD4 /* Base */ = {isa = PBXFileReference; lastKnownFileType = file.storyboard; name = Base; path = Base.lproj/LaunchScreen.storyboard; sourceTree = "<group>"; };
		C2DF30981D2A58B200F86CD4 /* Info.plist */ = {isa = PBXFileReference; lastKnownFileType = text.plist.xml; path = Info.plist; sourceTree = "<group>"; };
		C2DF309F1D2A58C200F86CD4 /* WXYFluxAction.swift */ = {isa = PBXFileReference; fileEncoding = 4; lastKnownFileType = sourcecode.swift; path = WXYFluxAction.swift; sourceTree = "<group>"; };
		C2DF30A01D2A58C200F86CD4 /* WXYFluxDispatcher.swift */ = {isa = PBXFileReference; fileEncoding = 4; lastKnownFileType = sourcecode.swift; path = WXYFluxDispatcher.swift; sourceTree = "<group>"; };
		C2DF30A11D2A58C200F86CD4 /* WXYFluxStore.swift */ = {isa = PBXFileReference; fileEncoding = 4; lastKnownFileType = sourcecode.swift; path = WXYFluxStore.swift; sourceTree = "<group>"; };
/* End PBXFileReference section */

/* Begin PBXFrameworksBuildPhase section */
		C2DF30861D2A58B200F86CD4 /* Frameworks */ = {
			isa = PBXFrameworksBuildPhase;
			buildActionMask = 2147483647;
			files = (
			);
			runOnlyForDeploymentPostprocessing = 0;
		};
/* End PBXFrameworksBuildPhase section */

/* Begin PBXGroup section */
		C2DF30801D2A58B200F86CD4 = {
			isa = PBXGroup;
			children = (
				C2DF309E1D2A58C200F86CD4 /* WXYFlux-Swift */,
				C2DF308B1D2A58B200F86CD4 /* WXYFluxDemo */,
				C2DF308A1D2A58B200F86CD4 /* Products */,
			);
			sourceTree = "<group>";
		};
		C2DF308A1D2A58B200F86CD4 /* Products */ = {
			isa = PBXGroup;
			children = (
				C2DF30891D2A58B200F86CD4 /* WXYFluxDemo.app */,
			);
			name = Products;
			sourceTree = "<group>";
		};
		C2DF308B1D2A58B200F86CD4 /* WXYFluxDemo */ = {
			isa = PBXGroup;
			children = (
				C2DF308C1D2A58B200F86CD4 /* AppDelegate.swift */,
				C2DF308E1D2A58B200F86CD4 /* ViewController.swift */,
				C2DF30901D2A58B200F86CD4 /* Main.storyboard */,
				C2DF30931D2A58B200F86CD4 /* Assets.xcassets */,
				C2DF30951D2A58B200F86CD4 /* LaunchScreen.storyboard */,
				C2DF30981D2A58B200F86CD4 /* Info.plist */,
			);
			path = WXYFluxDemo;
			sourceTree = "<group>";
		};
		C2DF309E1D2A58C200F86CD4 /* WXYFlux-Swift */ = {
			isa = PBXGroup;
			children = (
				C2DF309F1D2A58C200F86CD4 /* WXYFluxAction.swift */,
				C2DF30A01D2A58C200F86CD4 /* WXYFluxDispatcher.swift */,
				C2DF30A11D2A58C200F86CD4 /* WXYFluxStore.swift */,
			);
			name = "WXYFlux-Swift";
			path = "../WXYFlux-Swift";
			sourceTree = "<group>";
		};
/* End PBXGroup section */

/* Begin PBXNativeTarget section */
		C2DF30881D2A58B200F86CD4 /* WXYFluxDemo */ = {
			isa = PBXNativeTarget;
			buildConfigurationList = C2DF309B1D2A58B200F86CD4 /* Build configuration list for PBXNativeTarget "WXYFluxDemo" */;
			buildPhases = (
				C2DF30851D2A58B200F86CD4 /* Sources */,
				C2DF30861D2A58B200F86CD4 /* Frameworks */,
				C2DF30871D2A58B200F86CD4 /* Resources */,
			);
			buildRules = (
			);
			dependencies = (
			);
			name = WXYFluxDemo;
			productName = WXYFluxDemo;
			productReference = C2DF30891D2A58B200F86CD4 /* WXYFluxDemo.app */;
			productType = "com.apple.product-type.application";
		};
/* End PBXNativeTarget section */

/* Begin PBXProject section */
		C2DF30811D2A58B200F86CD4 /* Project object */ = {
			isa = PBXProject;
			attributes = {
				LastSwiftUpdateCheck = 0800;
				LastUpgradeCheck = 0800;
				ORGANIZATIONNAME = wuxu;
				TargetAttributes = {
					C2DF30881D2A58B200F86CD4 = {
						CreatedOnToolsVersion = 8.0;
						DevelopmentTeam = YEH9R98X32;
						DevelopmentTeamName = "旭 吴 (Personal Team)";
						ProvisioningStyle = Automatic;
					};
				};
			};
			buildConfigurationList = C2DF30841D2A58B200F86CD4 /* Build configuration list for PBXProject "WXYFluxDemo" */;
			compatibilityVersion = "Xcode 3.2";
			developmentRegion = English;
			hasScannedForEncodings = 0;
			knownRegions = (
				en,
				Base,
			);
			mainGroup = C2DF30801D2A58B200F86CD4;
			productRefGroup = C2DF308A1D2A58B200F86CD4 /* Products */;
			projectDirPath = "";
			projectRoot = "";
			targets = (
				C2DF30881D2A58B200F86CD4 /* WXYFluxDemo */,
			);
		};
/* End PBXProject section */

/* Begin PBXResourcesBuildPhase section */
		C2DF30871D2A58B200F86CD4 /* Resources */ = {
			isa = PBXResourcesBuildPhase;
			buildActionMask = 2147483647;
			files = (
				C2DF30971D2A58B200F86CD4 /* LaunchScreen.storyboard in Resources */,
				C2DF30941D2A58B200F86CD4 /* Assets.xcassets in Resources */,
				C2DF30921D2A58B200F86CD4 /* Main.storyboard in Resources */,
			);
			runOnlyForDeploymentPostprocessing = 0;
		};
/* End PBXResourcesBuildPhase section */

/* Begin PBXSourcesBuildPhase section */
		C2DF30851D2A58B200F86CD4 /* Sources */ = {
			isa = PBXSourcesBuildPhase;
			buildActionMask = 2147483647;
			files = (
				C2DF30A41D2A58C200F86CD4 /* WXYFluxStore.swift in Sources */,
				C2DF30A31D2A58C200F86CD4 /* WXYFluxDispatcher.swift in Sources */,
				C2DF30A21D2A58C200F86CD4 /* WXYFluxAction.swift in Sources */,
				C2DF308F1D2A58B200F86CD4 /* ViewController.swift in Sources */,
				C2DF308D1D2A58B200F86CD4 /* AppDelegate.swift in Sources */,
			);
			runOnlyForDeploymentPostprocessing = 0;
		};
/* End PBXSourcesBuildPhase section */

/* Begin PBXVariantGroup section */
		C2DF30901D2A58B200F86CD4 /* Main.storyboard */ = {
			isa = PBXVariantGroup;
			children = (
				C2DF30911D2A58B200F86CD4 /* Base */,
			);
			name = Main.storyboard;
			sourceTree = "<group>";
		};
		C2DF30951D2A58B200F86CD4 /* LaunchScreen.storyboard */ = {
			isa = PBXVariantGroup;
			children = (
				C2DF30961D2A58B200F86CD4 /* Base */,
			);
			name = LaunchScreen.storyboard;
			sourceTree = "<group>";
		};
/* End PBXVariantGroup section */

/* Begin XCBuildConfiguration section */
		C2DF30991D2A58B200F86CD4 /* Debug */ = {
			isa = XCBuildConfiguration;
			buildSettings = {
				ALWAYS_SEARCH_USER_PATHS = NO;
				CLANG_ANALYZER_NONNULL = YES;
				CLANG_CXX_LANGUAGE_STANDARD = "gnu++0x";
				CLANG_CXX_LIBRARY = "libc++";
				CLANG_ENABLE_MODULES = YES;
				CLANG_ENABLE_OBJC_ARC = YES;
				CLANG_WARN_BOOL_CONVERSION = YES;
				CLANG_WARN_CONSTANT_CONVERSION = YES;
				CLANG_WARN_DIRECT_OBJC_ISA_USAGE = YES_ERROR;
				CLANG_WARN_DOCUMENTATION_COMMENTS = YES;
				CLANG_WARN_EMPTY_BODY = YES;
				CLANG_WARN_ENUM_CONVERSION = YES;
				CLANG_WARN_INT_CONVERSION = YES;
				CLANG_WARN_OBJC_ROOT_CLASS = YES_ERROR;
				CLANG_WARN_UNREACHABLE_CODE = YES;
				CLANG_WARN__DUPLICATE_METHOD_MATCH = YES;
				"CODE_SIGN_IDENTITY[sdk=iphoneos*]" = "iPhone Developer";
				COPY_PHASE_STRIP = NO;
				DEBUG_INFORMATION_FORMAT = dwarf;
				ENABLE_STRICT_OBJC_MSGSEND = YES;
				ENABLE_TESTABILITY = YES;
				GCC_C_LANGUAGE_STANDARD = gnu99;
				GCC_DYNAMIC_NO_PIC = NO;
				GCC_NO_COMMON_BLOCKS = YES;
				GCC_OPTIMIZATION_LEVEL = 0;
				GCC_PREPROCESSOR_DEFINITIONS = (
					"DEBUG=1",
					"$(inherited)",
				);
				GCC_WARN_64_TO_32_BIT_CONVERSION = YES;
				GCC_WARN_ABOUT_RETURN_TYPE = YES_ERROR;
				GCC_WARN_UNDECLARED_SELECTOR = YES;
				GCC_WARN_UNINITIALIZED_AUTOS = YES_AGGRESSIVE;
				GCC_WARN_UNUSED_FUNCTION = YES;
				GCC_WARN_UNUSED_VARIABLE = YES;
				IPHONEOS_DEPLOYMENT_TARGET = 10.0;
				MTL_ENABLE_DEBUG_INFO = YES;
				ONLY_ACTIVE_ARCH = YES;
				SDKROOT = iphoneos;
				SWIFT_ACTIVE_COMPILATION_CONDITIONS = DEBUG;
				SWIFT_OPTIMIZATION_LEVEL = "-Onone";
				TARGETED_DEVICE_FAMILY = "1,2";
			};
			name = Debug;
		};
		C2DF309A1D2A58B200F86CD4 /* Release */ = {
			isa = XCBuildConfiguration;
			buildSettings = {
				ALWAYS_SEARCH_USER_PATHS = NO;
				CLANG_ANALYZER_NONNULL = YES;
				CLANG_CXX_LANGUAGE_STANDARD = "gnu++0x";
				CLANG_CXX_LIBRARY = "libc++";
				CLANG_ENABLE_MODULES = YES;
				CLANG_ENABLE_OBJC_ARC = YES;
				CLANG_WARN_BOOL_CONVERSION = YES;
				CLANG_WARN_CONSTANT_CONVERSION = YES;
				CLANG_WARN_DIRECT_OBJC_ISA_USAGE = YES_ERROR;
				CLANG_WARN_DOCUMENTATION_COMMENTS = YES;
				CLANG_WARN_EMPTY_BODY = YES;
				CLANG_WARN_ENUM_CONVERSION = YES;
				CLANG_WARN_INT_CONVERSION = YES;
				CLANG_WARN_OBJC_ROOT_CLASS = YES_ERROR;
				CLANG_WARN_UNREACHABLE_CODE = YES;
				CLANG_WARN__DUPLICATE_METHOD_MATCH = YES;
				"CODE_SIGN_IDENTITY[sdk=iphoneos*]" = "iPhone Developer";
				COPY_PHASE_STRIP = NO;
				DEBUG_INFORMATION_FORMAT = "dwarf-with-dsym";
				ENABLE_NS_ASSERTIONS = NO;
				ENABLE_STRICT_OBJC_MSGSEND = YES;
				GCC_C_LANGUAGE_STANDARD = gnu99;
				GCC_NO_COMMON_BLOCKS = YES;
				GCC_WARN_64_TO_32_BIT_CONVERSION = YES;
				GCC_WARN_ABOUT_RETURN_TYPE = YES_ERROR;
				GCC_WARN_UNDECLARED_SELECTOR = YES;
				GCC_WARN_UNINITIALIZED_AUTOS = YES_AGGRESSIVE;
				GCC_WARN_UNUSED_FUNCTION = YES;
				GCC_WARN_UNUSED_VARIABLE = YES;
				IPHONEOS_DEPLOYMENT_TARGET = 10.0;
				MTL_ENABLE_DEBUG_INFO = NO;
				SDKROOT = iphoneos;
				SWIFT_OPTIMIZATION_LEVEL = "-Owholemodule";
				TARGETED_DEVICE_FAMILY = "1,2";
				VALIDATE_PRODUCT = YES;
			};
			name = Release;
		};
		C2DF309C1D2A58B200F86CD4 /* Debug */ = {
			isa = XCBuildConfiguration;
			buildSettings = {
				ASSETCATALOG_COMPILER_APPICON_NAME = AppIcon;
				INFOPLIST_FILE = WXYFluxDemo/Info.plist;
				LD_RUNPATH_SEARCH_PATHS = "$(inherited) @executable_path/Frameworks";
				PRODUCT_BUNDLE_IDENTIFIER = com.wuxu.WXYFluxDemo;
				PRODUCT_NAME = "$(TARGET_NAME)";
				SWIFT_VERSION = 3.0;
			};
			name = Debug;
		};
		C2DF309D1D2A58B200F86CD4 /* Release */ = {
			isa = XCBuildConfiguration;
			buildSettings = {
				ASSETCATALOG_COMPILER_APPICON_NAME = AppIcon;
				INFOPLIST_FILE = WXYFluxDemo/Info.plist;
				LD_RUNPATH_SEARCH_PATHS = "$(inherited) @executable_path/Frameworks";
				PRODUCT_BUNDLE_IDENTIFIER = com.wuxu.WXYFluxDemo;
				PRODUCT_NAME = "$(TARGET_NAME)";
				SWIFT_VERSION = 3.0;
			};
			name = Release;
		};
/* End XCBuildConfiguration section */

/* Begin XCConfigurationList section */
		C2DF30841D2A58B200F86CD4 /* Build configuration list for PBXProject "WXYFluxDemo" */ = {
			isa = XCConfigurationList;
			buildConfigurations = (
				C2DF30991D2A58B200F86CD4 /* Debug */,
				C2DF309A1D2A58B200F86CD4 /* Release */,
			);
			defaultConfigurationIsVisible = 0;
			defaultConfigurationName = Release;
		};
		C2DF309B1D2A58B200F86CD4 /* Build configuration list for PBXNativeTarget "WXYFluxDemo" */ = {
			isa = XCConfigurationList;
			buildConfigurations = (
				C2DF309C1D2A58B200F86CD4 /* Debug */,
				C2DF309D1D2A58B200F86CD4 /* Release */,
			);
			defaultConfigurationIsVisible = 0;
		};
/* End XCConfigurationList section */
	};
	rootObject = C2DF30811D2A58B200F86CD4 /* Project object */;
}
